{
  "name": "jev-ocu",
  "version": "0.5.0",
  "lockfileVersion": 3,
  "requires": true,
  "packages": {
    "": {
      "name": "jev-ocu",
      "version": "0.5.0",
      "license": "ISC",
      "bin": {
        "jev-ocu": "bin/jev-ocu.mjs"
      },
      "engines": {
        "node": ">=22"
      }
    }
  }
}
